
Microsoft Visual Studio Solution File, Format Version 12.00
# Visual Studio Version 16
VisualStudioVersion = 16.0.29020.237
MinimumVisualStudioVersion = 10.0.40219.1
Project("{8BC9CEB8-8B4A-11D0-8D11-00A0C91BC942}") = "PhysicaSound", "PhysicaSound\PhysicaSound.vcxproj", "{62834286-2646-4415-A559-74D178D31F32}"
	ProjectSection(ProjectDependencies) = postProject
		{0F9CCF34-42CD-4C84-BE4C-7946731F90B2} = {0F9CCF34-42CD-4C84-BE4C-7946731F90B2}
	EndProjectSection
EndProject
Project("{8BC9CEB8-8B4A-11D0-8D11-00A0C91BC942}") = "ExpansionMath", "ExpansionMath\ExpansionMath.vcxproj", "{0F9CCF34-42CD-4C84-BE4C-7946731F90B2}"
EndProject
Project("{8BC9CEB8-8B4A-11D0-8D11-00A0C91BC942}") = "Testing", "Testing\Testing.vcxproj", "{B8D025DC-57EA-4228-9561-48C0D311CD8B}"
	ProjectSection(ProjectDependencies) = postProject
		{66C22720-4D4E-421F-A19D-8FD3CC0E7038} = {66C22720-4D4E-421F-A19D-8FD3CC0E7038}
		{0F9CCF34-42CD-4C84-BE4C-7946731F90B2} = {0F9CCF34-42CD-4C84-BE4C-7946731F90B2}
		{62834286-2646-4415-A559-74D178D31F32} = {62834286-2646-4415-A559-74D178D31F32}
		{FFF884C6-2A2B-452D-973D-7221E0873D7B} = {FFF884C6-2A2B-452D-973D-7221E0873D7B}
	EndProjectSection
EndProject
Project("{8BC9CEB8-8B4A-11D0-8D11-00A0C91BC942}") = "RaindropRenderer", "RaindropRenderer\RaindropRenderer.vcxproj", "{78C2A131-76B5-457A-A6D3-C1814722FEEF}"
	ProjectSection(ProjectDependencies) = postProject
		{66C22720-4D4E-421F-A19D-8FD3CC0E7038} = {66C22720-4D4E-421F-A19D-8FD3CC0E7038}
		{0F9CCF34-42CD-4C84-BE4C-7946731F90B2} = {0F9CCF34-42CD-4C84-BE4C-7946731F90B2}
	EndProjectSection
EndProject
Project("{8BC9CEB8-8B4A-11D0-8D11-00A0C91BC942}") = "BulldozerFileManager", "BulldozerFileManager\BulldozerFileManager.vcxproj", "{66C22720-4D4E-421F-A19D-8FD3CC0E7038}"
	ProjectSection(ProjectDependencies) = postProject
		{0F9CCF34-42CD-4C84-BE4C-7946731F90B2} = {0F9CCF34-42CD-4C84-BE4C-7946731F90B2}
	EndProjectSection
EndProject
Project("{8BC9CEB8-8B4A-11D0-8D11-00A0C91BC942}") = "BulldoPy", "BulldoPy\BulldoPy.vcxproj", "{539EC771-0D96-46C3-A571-5A193C85C423}"
	ProjectSection(ProjectDependencies) = postProject
		{66C22720-4D4E-421F-A19D-8FD3CC0E7038} = {66C22720-4D4E-421F-A19D-8FD3CC0E7038}
		{0F9CCF34-42CD-4C84-BE4C-7946731F90B2} = {0F9CCF34-42CD-4C84-BE4C-7946731F90B2}
	EndProjectSection
EndProject
Project("{8BC9CEB8-8B4A-11D0-8D11-00A0C91BC942}") = "ExpansionGameEngineCore", "ExpansionGameEngineCore\ExpansionGameEngineCore.vcxproj", "{FFF884C6-2A2B-452D-973D-7221E0873D7B}"
	ProjectSection(ProjectDependencies) = postProject
		{66C22720-4D4E-421F-A19D-8FD3CC0E7038} = {66C22720-4D4E-421F-A19D-8FD3CC0E7038}
		{78C2A131-76B5-457A-A6D3-C1814722FEEF} = {78C2A131-76B5-457A-A6D3-C1814722FEEF}
		{0F9CCF34-42CD-4C84-BE4C-7946731F90B2} = {0F9CCF34-42CD-4C84-BE4C-7946731F90B2}
		{62834286-2646-4415-A559-74D178D31F32} = {62834286-2646-4415-A559-74D178D31F32}
	EndProjectSection
EndProject
Project("{8BC9CEB8-8B4A-11D0-8D11-00A0C91BC942}") = "FBX2MSH", "FBX2MSH\FBX2MSH.vcxproj", "{B12702AD-ABFB-343A-A199-8E24837244A3}"
	ProjectSection(ProjectDependencies) = postProject
		{66C22720-4D4E-421F-A19D-8FD3CC0E7038} = {66C22720-4D4E-421F-A19D-8FD3CC0E7038}
		{0F9CCF34-42CD-4C84-BE4C-7946731F90B2} = {0F9CCF34-42CD-4C84-BE4C-7946731F90B2}
	EndProjectSection
EndProject
Project("{8BC9CEB8-8B4A-11D0-8D11-00A0C91BC942}") = "MaterialEditor", "MaterialEditor\MaterialEditor.vcxproj", "{A87B4A5D-0A5B-47F2-BC02-3EE15641D4E3}"
EndProject
Global
	GlobalSection(SolutionConfigurationPlatforms) = preSolution
		Debug|x64 = Debug|x64
		Debug|x86 = Debug|x86
		Release|x64 = Release|x64
		Release|x86 = Release|x86
	EndGlobalSection
	GlobalSection(ProjectConfigurationPlatforms) = postSolution
		{62834286-2646-4415-A559-74D178D31F32}.Debug|x64.ActiveCfg = Debug|x64
		{62834286-2646-4415-A559-74D178D31F32}.Debug|x64.Build.0 = Debug|x64
		{62834286-2646-4415-A559-74D178D31F32}.Debug|x86.ActiveCfg = Debug|Win32
		{62834286-2646-4415-A559-74D178D31F32}.Debug|x86.Build.0 = Debug|Win32
		{62834286-2646-4415-A559-74D178D31F32}.Release|x64.ActiveCfg = Release|x64
		{62834286-2646-4415-A559-74D178D31F32}.Release|x64.Build.0 = Release|x64
		{62834286-2646-4415-A559-74D178D31F32}.Release|x86.ActiveCfg = Release|Win32
		{62834286-2646-4415-A559-74D178D31F32}.Release|x86.Build.0 = Release|Win32
		{0F9CCF34-42CD-4C84-BE4C-7946731F90B2}.Debug|x64.ActiveCfg = Debug|x64
		{0F9CCF34-42CD-4C84-BE4C-7946731F90B2}.Debug|x64.Build.0 = Debug|x64
		{0F9CCF34-42CD-4C84-BE4C-7946731F90B2}.Debug|x86.ActiveCfg = Debug|Win32
		{0F9CCF34-42CD-4C84-BE4C-7946731F90B2}.Debug|x86.Build.0 = Debug|Win32
		{0F9CCF34-42CD-4C84-BE4C-7946731F90B2}.Release|x64.ActiveCfg = Release|x64
		{0F9CCF34-42CD-4C84-BE4C-7946731F90B2}.Release|x64.Build.0 = Release|x64
		{0F9CCF34-42CD-4C84-BE4C-7946731F90B2}.Release|x86.ActiveCfg = Release|Win32
		{0F9CCF34-42CD-4C84-BE4C-7946731F90B2}.Release|x86.Build.0 = Release|Win32
		{B8D025DC-57EA-4228-9561-48C0D311CD8B}.Debug|x64.ActiveCfg = Debug|x64
		{B8D025DC-57EA-4228-9561-48C0D311CD8B}.Debug|x64.Build.0 = Debug|x64
		{B8D025DC-57EA-4228-9561-48C0D311CD8B}.Debug|x86.ActiveCfg = Debug|Win32
		{B8D025DC-57EA-4228-9561-48C0D311CD8B}.Debug|x86.Build.0 = Debug|Win32
		{B8D025DC-57EA-4228-9561-48C0D311CD8B}.Release|x64.ActiveCfg = Release|x64
		{B8D025DC-57EA-4228-9561-48C0D311CD8B}.Release|x64.Build.0 = Release|x64
		{B8D025DC-57EA-4228-9561-48C0D311CD8B}.Release|x86.ActiveCfg = Release|Win32
		{B8D025DC-57EA-4228-9561-48C0D311CD8B}.Release|x86.Build.0 = Release|Win32
		{78C2A131-76B5-457A-A6D3-C1814722FEEF}.Debug|x64.ActiveCfg = Debug|x64
		{78C2A131-76B5-457A-A6D3-C1814722FEEF}.Debug|x64.Build.0 = Debug|x64
		{78C2A131-76B5-457A-A6D3-C1814722FEEF}.Debug|x86.ActiveCfg = Debug|Win32
		{78C2A131-76B5-457A-A6D3-C1814722FEEF}.Debug|x86.Build.0 = Debug|Win32
		{78C2A131-76B5-457A-A6D3-C1814722FEEF}.Release|x64.ActiveCfg = Release|x64
		{78C2A131-76B5-457A-A6D3-C1814722FEEF}.Release|x64.Build.0 = Release|x64
		{78C2A131-76B5-457A-A6D3-C1814722FEEF}.Release|x86.ActiveCfg = Release|Win32
		{78C2A131-76B5-457A-A6D3-C1814722FEEF}.Release|x86.Build.0 = Release|Win32
		{66C22720-4D4E-421F-A19D-8FD3CC0E7038}.Debug|x64.ActiveCfg = Debug|x64
		{66C22720-4D4E-421F-A19D-8FD3CC0E7038}.Debug|x64.Build.0 = Debug|x64
		{66C22720-4D4E-421F-A19D-8FD3CC0E7038}.Debug|x86.ActiveCfg = Debug|Win32
		{66C22720-4D4E-421F-A19D-8FD3CC0E7038}.Debug|x86.Build.0 = Debug|Win32
		{66C22720-4D4E-421F-A19D-8FD3CC0E7038}.Release|x64.ActiveCfg = Release|x64
		{66C22720-4D4E-421F-A19D-8FD3CC0E7038}.Release|x64.Build.0 = Release|x64
		{66C22720-4D4E-421F-A19D-8FD3CC0E7038}.Release|x86.ActiveCfg = Release|Win32
		{66C22720-4D4E-421F-A19D-8FD3CC0E7038}.Release|x86.Build.0 = Release|Win32
		{539EC771-0D96-46C3-A571-5A193C85C423}.Debug|x64.ActiveCfg = Debug|x64
		{539EC771-0D96-46C3-A571-5A193C85C423}.Debug|x64.Build.0 = Debug|x64
		{539EC771-0D96-46C3-A571-5A193C85C423}.Debug|x86.ActiveCfg = Debug|Win32
		{539EC771-0D96-46C3-A571-5A193C85C423}.Debug|x86.Build.0 = Debug|Win32
		{539EC771-0D96-46C3-A571-5A193C85C423}.Release|x64.ActiveCfg = Release|x64
		{539EC771-0D96-46C3-A571-5A193C85C423}.Release|x64.Build.0 = Release|x64
		{539EC771-0D96-46C3-A571-5A193C85C423}.Release|x86.ActiveCfg = Release|Win32
		{539EC771-0D96-46C3-A571-5A193C85C423}.Release|x86.Build.0 = Release|Win32
		{FFF884C6-2A2B-452D-973D-7221E0873D7B}.Debug|x64.ActiveCfg = Debug|x64
		{FFF884C6-2A2B-452D-973D-7221E0873D7B}.Debug|x64.Build.0 = Debug|x64
		{FFF884C6-2A2B-452D-973D-7221E0873D7B}.Debug|x86.ActiveCfg = Debug|Win32
		{FFF884C6-2A2B-452D-973D-7221E0873D7B}.Debug|x86.Build.0 = Debug|Win32
		{FFF884C6-2A2B-452D-973D-7221E0873D7B}.Release|x64.ActiveCfg = Release|x64
		{FFF884C6-2A2B-452D-973D-7221E0873D7B}.Release|x64.Build.0 = Release|x64
		{FFF884C6-2A2B-452D-973D-7221E0873D7B}.Release|x86.ActiveCfg = Release|Win32
		{FFF884C6-2A2B-452D-973D-7221E0873D7B}.Release|x86.Build.0 = Release|Win32
		{B12702AD-ABFB-343A-A199-8E24837244A3}.Debug|x64.ActiveCfg = Debug|x64
		{B12702AD-ABFB-343A-A199-8E24837244A3}.Debug|x64.Build.0 = Debug|x64
		{B12702AD-ABFB-343A-A199-8E24837244A3}.Debug|x86.ActiveCfg = Debug|x64
		{B12702AD-ABFB-343A-A199-8E24837244A3}.Release|x64.ActiveCfg = Release|x64
		{B12702AD-ABFB-343A-A199-8E24837244A3}.Release|x64.Build.0 = Release|x64
		{B12702AD-ABFB-343A-A199-8E24837244A3}.Release|x86.ActiveCfg = Release|x64
		{A87B4A5D-0A5B-47F2-BC02-3EE15641D4E3}.Debug|x64.ActiveCfg = Debug|x64
		{A87B4A5D-0A5B-47F2-BC02-3EE15641D4E3}.Debug|x64.Build.0 = Debug|x64
		{A87B4A5D-0A5B-47F2-BC02-3EE15641D4E3}.Debug|x86.ActiveCfg = Debug|x64
		{A87B4A5D-0A5B-47F2-BC02-3EE15641D4E3}.Release|x64.ActiveCfg = Release|x64
		{A87B4A5D-0A5B-47F2-BC02-3EE15641D4E3}.Release|x64.Build.0 = Release|x64
		{A87B4A5D-0A5B-47F2-BC02-3EE15641D4E3}.Release|x86.ActiveCfg = Release|x64
	EndGlobalSection
	GlobalSection(SolutionProperties) = preSolution
		HideSolutionNode = FALSE
	EndGlobalSection
	GlobalSection(ExtensibilityGlobals) = postSolution
		SolutionGuid = {E5650A96-9BB7-4BEF-A771-D0550C2A43E4}
	EndGlobalSection
EndGlobal
