<?xml version="1.0" encoding="utf-8"?>
<Project ToolsVersion="4.0" xmlns="http://schemas.microsoft.com/developer/msbuild/2003">
  <ItemGroup>
    <Filter Include="Fichiers sources">
      <UniqueIdentifier>{4FC737F1-C7A5-4376-A066-2A32D752A2FF}</UniqueIdentifier>
      <Extensions>cpp;c;cc;cxx;c++;cppm;ixx;def;odl;idl;hpj;bat;asm;asmx</Extensions>
    </Filter>
    <Filter Include="Fichiers d%27en-tête">
      <UniqueIdentifier>{93995380-89BD-4b04-88EB-625FBE52EBFB}</UniqueIdentifier>
      <Extensions>h;hh;hpp;hxx;h++;hm;inl;inc;ipp;xsd</Extensions>
    </Filter>
    <Filter Include="Fichiers de ressources">
      <UniqueIdentifier>{67DA6AB6-F800-4c08-8B7A-83BB121AAD01}</UniqueIdentifier>
      <Extensions>rc;ico;cur;bmp;dlg;rc2;rct;bin;rgs;gif;jpg;jpeg;jpe;resx;tiff;tif;png;wav;mfcribbon-ms</Extensions>
    </Filter>
    <Filter Include="GLSL">
      <UniqueIdentifier>{989f3d89-92ee-4267-bcda-5d2973234cf9}</UniqueIdentifier>
    </Filter>
    <Filter Include="GLSL\GL4">
      <UniqueIdentifier>{9f5f66e8-81ec-4e1c-aecb-7190081b133e}</UniqueIdentifier>
    </Filter>
    <Filter Include="GLSL\GL3">
      <UniqueIdentifier>{cb32c134-5fd8-4bbb-850b-92c53f3e5447}</UniqueIdentifier>
    </Filter>
    <Filter Include="GLSL\GL4\PBR">
      <UniqueIdentifier>{3bb5ed5e-3396-4dd3-9af1-629d86aa6385}</UniqueIdentifier>
    </Filter>
    <Filter Include="GLSL\GL3\PBR">
      <UniqueIdentifier>{6ba18cde-ec36-49a4-a08a-e9a31dfd1f0b}</UniqueIdentifier>
    </Filter>
  </ItemGroup>
  <ItemGroup>
    <ClCompile Include="main.cpp">
      <Filter>Fichiers sources</Filter>
    </ClCompile>
  </ItemGroup>
  <ItemGroup>
    <None Include="Engine\Shaders\glsl\gl4\Beauty.frag">
      <Filter>GLSL\GL4</Filter>
    </None>
    <None Include="Engine\Shaders\glsl\gl4\Beauty.vert">
      <Filter>GLSL\GL4</Filter>
    </None>
    <None Include="Engine\Shaders\glsl\gl4\Debug.frag">
      <Filter>GLSL\GL4</Filter>
    </None>
    <None Include="Engine\Shaders\glsl\gl4\Debug.vert">
      <Filter>GLSL\GL4</Filter>
    </None>
    <None Include="Engine\Shaders\glsl\gl4\Gshad.vert">
      <Filter>GLSL\GL4</Filter>
    </None>
    <None Include="Engine\Shaders\glsl\gl4\Light.frag">
      <Filter>GLSL\GL4</Filter>
    </None>
    <None Include="Engine\Shaders\glsl\gl4\Light.vert">
      <Filter>GLSL\GL4</Filter>
    </None>
    <None Include="Engine\Shaders\glsl\gl4\Particles.vert">
      <Filter>GLSL\GL4</Filter>
    </None>
    <None Include="Engine\Shaders\glsl\gl4\PostProcessing.vert">
      <Filter>GLSL\GL4</Filter>
    </None>
    <None Include="Engine\Shaders\glsl\gl4\Shadow.frag">
      <Filter>GLSL\GL4</Filter>
    </None>
    <None Include="Engine\Shaders\glsl\gl4\Shadow.vert">
      <Filter>GLSL\GL4</Filter>
    </None>
    <None Include="Engine\Shaders\glsl\gl4\ShadowBlur.frag">
      <Filter>GLSL\GL4</Filter>
    </None>
    <None Include="Engine\Shaders\glsl\gl4\ShadowBlur.vert">
      <Filter>GLSL\GL4</Filter>
    </None>
    <None Include="Engine\Shaders\glsl\gl4\ShadowCalc.frag">
      <Filter>GLSL\GL4</Filter>
    </None>
    <None Include="Engine\Shaders\glsl\gl4\ShadowCalc.vert">
      <Filter>GLSL\GL4</Filter>
    </None>
    <None Include="Engine\Shaders\glsl\gl4\TextRender.frag">
      <Filter>GLSL\GL4</Filter>
    </None>
    <None Include="Engine\Shaders\glsl\gl4\TextRender.vert">
      <Filter>GLSL\GL4</Filter>
    </None>
    <None Include="Engine\Shaders\glsl\gl4\pbr\Light.frag">
      <Filter>GLSL\GL4\PBR</Filter>
    </None>
    <None Include="Engine\Shaders\glsl\gl4\pbr\Light.vert">
      <Filter>GLSL\GL4\PBR</Filter>
    </None>
    <None Include="Engine\Shaders\glsl\gl4\pbr\SSAO.frag">
      <Filter>GLSL\GL4\PBR</Filter>
    </None>
    <None Include="Engine\Shaders\glsl\gl4\pbr\SSAO.vert">
      <Filter>GLSL\GL4\PBR</Filter>
    </None>
    <None Include="Engine\Shaders\glsl\gl4\pbr\SSAO_Blur.frag">
      <Filter>GLSL\GL4\PBR</Filter>
    </None>
    <None Include="Engine\Shaders\glsl\gl4\pbr\SSAO_Blur.vert">
      <Filter>GLSL\GL4\PBR</Filter>
    </None>
    <None Include="Engine\Shaders\glsl\gl4\pbr\SSR.frag">
      <Filter>GLSL\GL4\PBR</Filter>
    </None>
    <None Include="Engine\Shaders\glsl\gl4\pbr\SSR.vert">
      <Filter>GLSL\GL4\PBR</Filter>
    </None>
    <None Include="Engine\Shaders\glsl\gl3\Beauty.frag">
      <Filter>GLSL\GL3</Filter>
    </None>
    <None Include="Engine\Shaders\glsl\gl3\Beauty.vert">
      <Filter>GLSL\GL3</Filter>
    </None>
    <None Include="Engine\Shaders\glsl\gl3\Debug.frag">
      <Filter>GLSL\GL3</Filter>
    </None>
    <None Include="Engine\Shaders\glsl\gl3\Debug.vert">
      <Filter>GLSL\GL3</Filter>
    </None>
    <None Include="Engine\Shaders\glsl\gl3\Gshad.vert">
      <Filter>GLSL\GL3</Filter>
    </None>
    <None Include="Engine\Shaders\glsl\gl3\Light.frag">
      <Filter>GLSL\GL3</Filter>
    </None>
    <None Include="Engine\Shaders\glsl\gl3\Light.vert">
      <Filter>GLSL\GL3</Filter>
    </None>
    <None Include="Engine\Shaders\glsl\gl3\Particles.vert">
      <Filter>GLSL\GL3</Filter>
    </None>
    <None Include="Engine\Shaders\glsl\gl3\PostProcessing.vert">
      <Filter>GLSL\GL3</Filter>
    </None>
    <None Include="Engine\Shaders\glsl\gl3\Shadow.frag">
      <Filter>GLSL\GL3</Filter>
    </None>
    <None Include="Engine\Shaders\glsl\gl3\Shadow.vert">
      <Filter>GLSL\GL3</Filter>
    </None>
    <None Include="Engine\Shaders\glsl\gl3\ShadowBlur.frag">
      <Filter>GLSL\GL3</Filter>
    </None>
    <None Include="Engine\Shaders\glsl\gl3\ShadowBlur.vert">
      <Filter>GLSL\GL3</Filter>
    </None>
    <None Include="Engine\Shaders\glsl\gl3\ShadowCalc.frag">
      <Filter>GLSL\GL3</Filter>
    </None>
    <None Include="Engine\Shaders\glsl\gl3\ShadowCalc.vert">
      <Filter>GLSL\GL3</Filter>
    </None>
    <None Include="Engine\Shaders\glsl\gl3\TextRender.frag">
      <Filter>GLSL\GL3</Filter>
    </None>
    <None Include="Engine\Shaders\glsl\gl3\TextRender.vert">
      <Filter>GLSL\GL3</Filter>
    </None>
    <None Include="Engine\Shaders\glsl\gl3\pbr\bloom.frag">
      <Filter>GLSL\GL3\PBR</Filter>
    </None>
    <None Include="Engine\Shaders\glsl\gl3\pbr\bloom.vert">
      <Filter>GLSL\GL3\PBR</Filter>
    </None>
    <None Include="Engine\Shaders\glsl\gl3\pbr\BloomApply.frag">
      <Filter>GLSL\GL3\PBR</Filter>
    </None>
    <None Include="Engine\Shaders\glsl\gl3\pbr\BloomApply.vert">
      <Filter>GLSL\GL3\PBR</Filter>
    </None>
    <None Include="Engine\Shaders\glsl\gl3\pbr\Light.frag">
      <Filter>GLSL\GL3\PBR</Filter>
    </None>
    <None Include="Engine\Shaders\glsl\gl3\pbr\Light.vert">
      <Filter>GLSL\GL3\PBR</Filter>
    </None>
    <None Include="Engine\Shaders\glsl\gl3\pbr\SSAO.frag">
      <Filter>GLSL\GL3\PBR</Filter>
    </None>
    <None Include="Engine\Shaders\glsl\gl3\pbr\SSAO.vert">
      <Filter>GLSL\GL3\PBR</Filter>
    </None>
    <None Include="Engine\Shaders\glsl\gl3\pbr\SSAO_Blur.frag">
      <Filter>GLSL\GL3\PBR</Filter>
    </None>
    <None Include="Engine\Shaders\glsl\gl3\pbr\SSAO_Blur.vert">
      <Filter>GLSL\GL3\PBR</Filter>
    </None>
    <None Include="Engine\Shaders\glsl\gl3\pbr\SSR.frag">
      <Filter>GLSL\GL3\PBR</Filter>
    </None>
    <None Include="Engine\Shaders\glsl\gl3\pbr\SSR.vert">
      <Filter>GLSL\GL3\PBR</Filter>
    </None>
  </ItemGroup>
</Project>