
Microsoft Visual Studio Solution File, Format Version 12.00
# Visual Studio Version 16
VisualStudioVersion = 16.0.30114.105
MinimumVisualStudioVersion = 10.0.40219.1
Project("{8BC9CEB8-8B4A-11D0-8D11-00A0C91BC942}") = "FBX2MSH", "FBX2MSH\FBX2MSH.vcxproj", "{23E424AA-17B6-40F0-A5C5-7DDD5B3D3EE7}"
EndProject
Project("{8BC9CEB8-8B4A-11D0-8D11-00A0C91BC942}") = "MaterialEditor", "MaterialEditor\MaterialEditor.vcxproj", "{CDEDC662-3E0F-42DF-9D42-4D28A543CEC3}"
	ProjectSection(ProjectDependencies) = postProject
		{809CFB6A-6FA0-466C-927E-031DCC46083E} = {809CFB6A-6FA0-466C-927E-031DCC46083E}
	EndProjectSection
EndProject
Project("{8BC9CEB8-8B4A-11D0-8D11-00A0C91BC942}") = "MatEditorDLL", "MatEditorDLL\MatEditorDLL.vcxproj", "{809CFB6A-6FA0-466C-927E-031DCC46083E}"
EndProject
Project("{8BC9CEB8-8B4A-11D0-8D11-00A0C91BC942}") = "ProjectConfigurator", "ProjectConfigurator\ProjectConfigurator.vcxproj", "{1739EC1E-0679-4175-A1BC-2097BDFAB54F}"
EndProject
Global
	GlobalSection(SolutionConfigurationPlatforms) = preSolution
		Debug|x64 = Debug|x64
		Debug|x86 = Debug|x86
		Release|x64 = Release|x64
		Release|x86 = Release|x86
	EndGlobalSection
	GlobalSection(ProjectConfigurationPlatforms) = postSolution
		{23E424AA-17B6-40F0-A5C5-7DDD5B3D3EE7}.Debug|x64.ActiveCfg = Debug|x64
		{23E424AA-17B6-40F0-A5C5-7DDD5B3D3EE7}.Debug|x64.Build.0 = Debug|x64
		{23E424AA-17B6-40F0-A5C5-7DDD5B3D3EE7}.Debug|x86.ActiveCfg = Debug|x64
		{23E424AA-17B6-40F0-A5C5-7DDD5B3D3EE7}.Release|x64.ActiveCfg = Release|x64
		{23E424AA-17B6-40F0-A5C5-7DDD5B3D3EE7}.Release|x64.Build.0 = Release|x64
		{23E424AA-17B6-40F0-A5C5-7DDD5B3D3EE7}.Release|x86.ActiveCfg = Release|x64
		{CDEDC662-3E0F-42DF-9D42-4D28A543CEC3}.Debug|x64.ActiveCfg = Debug|x64
		{CDEDC662-3E0F-42DF-9D42-4D28A543CEC3}.Debug|x64.Build.0 = Debug|x64
		{CDEDC662-3E0F-42DF-9D42-4D28A543CEC3}.Debug|x86.ActiveCfg = Debug|Win32
		{CDEDC662-3E0F-42DF-9D42-4D28A543CEC3}.Debug|x86.Build.0 = Debug|Win32
		{CDEDC662-3E0F-42DF-9D42-4D28A543CEC3}.Release|x64.ActiveCfg = Release|x64
		{CDEDC662-3E0F-42DF-9D42-4D28A543CEC3}.Release|x64.Build.0 = Release|x64
		{CDEDC662-3E0F-42DF-9D42-4D28A543CEC3}.Release|x86.ActiveCfg = Release|Win32
		{CDEDC662-3E0F-42DF-9D42-4D28A543CEC3}.Release|x86.Build.0 = Release|Win32
		{809CFB6A-6FA0-466C-927E-031DCC46083E}.Debug|x64.ActiveCfg = Debug|x64
		{809CFB6A-6FA0-466C-927E-031DCC46083E}.Debug|x64.Build.0 = Debug|x64
		{809CFB6A-6FA0-466C-927E-031DCC46083E}.Debug|x86.ActiveCfg = Debug|Win32
		{809CFB6A-6FA0-466C-927E-031DCC46083E}.Debug|x86.Build.0 = Debug|Win32
		{809CFB6A-6FA0-466C-927E-031DCC46083E}.Release|x64.ActiveCfg = Release|x64
		{809CFB6A-6FA0-466C-927E-031DCC46083E}.Release|x64.Build.0 = Release|x64
		{809CFB6A-6FA0-466C-927E-031DCC46083E}.Release|x86.ActiveCfg = Release|Win32
		{809CFB6A-6FA0-466C-927E-031DCC46083E}.Release|x86.Build.0 = Release|Win32
		{1739EC1E-0679-4175-A1BC-2097BDFAB54F}.Debug|x64.ActiveCfg = Debug|x64
		{1739EC1E-0679-4175-A1BC-2097BDFAB54F}.Debug|x64.Build.0 = Debug|x64
		{1739EC1E-0679-4175-A1BC-2097BDFAB54F}.Debug|x86.ActiveCfg = Debug|x64
		{1739EC1E-0679-4175-A1BC-2097BDFAB54F}.Release|x64.ActiveCfg = Release|x64
		{1739EC1E-0679-4175-A1BC-2097BDFAB54F}.Release|x64.Build.0 = Release|x64
		{1739EC1E-0679-4175-A1BC-2097BDFAB54F}.Release|x86.ActiveCfg = Release|x64
	EndGlobalSection
	GlobalSection(SolutionProperties) = preSolution
		HideSolutionNode = FALSE
	EndGlobalSection
	GlobalSection(ExtensibilityGlobals) = postSolution
		SolutionGuid = {912595BA-5876-4900-93DE-0C7F6B5B43CD}
	EndGlobalSection
EndGlobal
