
Microsoft Visual Studio Solution File, Format Version 12.00
# Visual Studio Version 16
VisualStudioVersion = 16.0.30413.136
MinimumVisualStudioVersion = 10.0.40219.1
Project("{8BC9CEB8-8B4A-11D0-8D11-00A0C91BC942}") = "BulldozerFileManager", "BulldozerFileManager\BulldozerFileManager.vcxproj", "{6B602A3D-130E-4594-ADFB-7A8D38521171}"
	ProjectSection(ProjectDependencies) = postProject
		{31ECC36A-87A2-4E1E-AE83-C3F7C6DBEBFF} = {31ECC36A-87A2-4E1E-AE83-C3F7C6DBEBFF}
	EndProjectSection
EndProject
Project("{8BC9CEB8-8B4A-11D0-8D11-00A0C91BC942}") = "ExGame", "ExGame\ExGame.vcxproj", "{61972C6D-F31D-42BC-BC92-0015E8AF3993}"
	ProjectSection(ProjectDependencies) = postProject
		{7B443409-5B11-46D8-BECC-21B9C3E5919A} = {7B443409-5B11-46D8-BECC-21B9C3E5919A}
		{6B602A3D-130E-4594-ADFB-7A8D38521171} = {6B602A3D-130E-4594-ADFB-7A8D38521171}
		{31ECC36A-87A2-4E1E-AE83-C3F7C6DBEBFF} = {31ECC36A-87A2-4E1E-AE83-C3F7C6DBEBFF}
		{CBFA228B-7529-476B-AB10-252BBBE43999} = {CBFA228B-7529-476B-AB10-252BBBE43999}
		{857D9B8E-9E74-41CB-BC79-05F73C0259BF} = {857D9B8E-9E74-41CB-BC79-05F73C0259BF}
		{C2BEC4F0-09A1-4F20-884C-AAAE677A4F34} = {C2BEC4F0-09A1-4F20-884C-AAAE677A4F34}
	EndProjectSection
EndProject
Project("{8BC9CEB8-8B4A-11D0-8D11-00A0C91BC942}") = "ExpansionGameEngineCore", "ExpansionGameEngineCore\ExpansionGameEngineCore.vcxproj", "{7B443409-5B11-46D8-BECC-21B9C3E5919A}"
	ProjectSection(ProjectDependencies) = postProject
		{6B602A3D-130E-4594-ADFB-7A8D38521171} = {6B602A3D-130E-4594-ADFB-7A8D38521171}
		{31ECC36A-87A2-4E1E-AE83-C3F7C6DBEBFF} = {31ECC36A-87A2-4E1E-AE83-C3F7C6DBEBFF}
		{857D9B8E-9E74-41CB-BC79-05F73C0259BF} = {857D9B8E-9E74-41CB-BC79-05F73C0259BF}
		{C2BEC4F0-09A1-4F20-884C-AAAE677A4F34} = {C2BEC4F0-09A1-4F20-884C-AAAE677A4F34}
	EndProjectSection
EndProject
Project("{8BC9CEB8-8B4A-11D0-8D11-00A0C91BC942}") = "ExpansionMath", "ExpansionMath\ExpansionMath.vcxproj", "{31ECC36A-87A2-4E1E-AE83-C3F7C6DBEBFF}"
EndProject
Project("{8BC9CEB8-8B4A-11D0-8D11-00A0C91BC942}") = "Game", "Game\Game.vcxproj", "{CBFA228B-7529-476B-AB10-252BBBE43999}"
	ProjectSection(ProjectDependencies) = postProject
		{7B443409-5B11-46D8-BECC-21B9C3E5919A} = {7B443409-5B11-46D8-BECC-21B9C3E5919A}
		{6B602A3D-130E-4594-ADFB-7A8D38521171} = {6B602A3D-130E-4594-ADFB-7A8D38521171}
		{31ECC36A-87A2-4E1E-AE83-C3F7C6DBEBFF} = {31ECC36A-87A2-4E1E-AE83-C3F7C6DBEBFF}
		{857D9B8E-9E74-41CB-BC79-05F73C0259BF} = {857D9B8E-9E74-41CB-BC79-05F73C0259BF}
		{C2BEC4F0-09A1-4F20-884C-AAAE677A4F34} = {C2BEC4F0-09A1-4F20-884C-AAAE677A4F34}
	EndProjectSection
EndProject
Project("{8BC9CEB8-8B4A-11D0-8D11-00A0C91BC942}") = "PhysicaSound", "PhysicaSound\PhysicaSound.vcxproj", "{C2BEC4F0-09A1-4F20-884C-AAAE677A4F34}"
	ProjectSection(ProjectDependencies) = postProject
		{31ECC36A-87A2-4E1E-AE83-C3F7C6DBEBFF} = {31ECC36A-87A2-4E1E-AE83-C3F7C6DBEBFF}
	EndProjectSection
EndProject
Project("{8BC9CEB8-8B4A-11D0-8D11-00A0C91BC942}") = "RaindropRenderer", "RaindropRenderer\RaindropRenderer.vcxproj", "{857D9B8E-9E74-41CB-BC79-05F73C0259BF}"
	ProjectSection(ProjectDependencies) = postProject
		{6B602A3D-130E-4594-ADFB-7A8D38521171} = {6B602A3D-130E-4594-ADFB-7A8D38521171}
		{31ECC36A-87A2-4E1E-AE83-C3F7C6DBEBFF} = {31ECC36A-87A2-4E1E-AE83-C3F7C6DBEBFF}
	EndProjectSection
EndProject
Global
	GlobalSection(SolutionConfigurationPlatforms) = preSolution
		Debug|x64 = Debug|x64
		Debug|x86 = Debug|x86
		Release|x64 = Release|x64
		Release|x86 = Release|x86
	EndGlobalSection
	GlobalSection(ProjectConfigurationPlatforms) = postSolution
		{6B602A3D-130E-4594-ADFB-7A8D38521171}.Debug|x64.ActiveCfg = Debug|x64
		{6B602A3D-130E-4594-ADFB-7A8D38521171}.Debug|x64.Build.0 = Debug|x64
		{6B602A3D-130E-4594-ADFB-7A8D38521171}.Debug|x86.ActiveCfg = Debug|Win32
		{6B602A3D-130E-4594-ADFB-7A8D38521171}.Debug|x86.Build.0 = Debug|Win32
		{6B602A3D-130E-4594-ADFB-7A8D38521171}.Release|x64.ActiveCfg = Release|x64
		{6B602A3D-130E-4594-ADFB-7A8D38521171}.Release|x64.Build.0 = Release|x64
		{6B602A3D-130E-4594-ADFB-7A8D38521171}.Release|x86.ActiveCfg = Release|Win32
		{6B602A3D-130E-4594-ADFB-7A8D38521171}.Release|x86.Build.0 = Release|Win32
		{61972C6D-F31D-42BC-BC92-0015E8AF3993}.Debug|x64.ActiveCfg = Debug|x64
		{61972C6D-F31D-42BC-BC92-0015E8AF3993}.Debug|x64.Build.0 = Debug|x64
		{61972C6D-F31D-42BC-BC92-0015E8AF3993}.Debug|x86.ActiveCfg = Debug|Win32
		{61972C6D-F31D-42BC-BC92-0015E8AF3993}.Debug|x86.Build.0 = Debug|Win32
		{61972C6D-F31D-42BC-BC92-0015E8AF3993}.Release|x64.ActiveCfg = Release|x64
		{61972C6D-F31D-42BC-BC92-0015E8AF3993}.Release|x64.Build.0 = Release|x64
		{61972C6D-F31D-42BC-BC92-0015E8AF3993}.Release|x86.ActiveCfg = Release|Win32
		{61972C6D-F31D-42BC-BC92-0015E8AF3993}.Release|x86.Build.0 = Release|Win32
		{7B443409-5B11-46D8-BECC-21B9C3E5919A}.Debug|x64.ActiveCfg = Debug|x64
		{7B443409-5B11-46D8-BECC-21B9C3E5919A}.Debug|x64.Build.0 = Debug|x64
		{7B443409-5B11-46D8-BECC-21B9C3E5919A}.Debug|x86.ActiveCfg = Debug|Win32
		{7B443409-5B11-46D8-BECC-21B9C3E5919A}.Debug|x86.Build.0 = Debug|Win32
		{7B443409-5B11-46D8-BECC-21B9C3E5919A}.Release|x64.ActiveCfg = Release|x64
		{7B443409-5B11-46D8-BECC-21B9C3E5919A}.Release|x64.Build.0 = Release|x64
		{7B443409-5B11-46D8-BECC-21B9C3E5919A}.Release|x86.ActiveCfg = Release|Win32
		{7B443409-5B11-46D8-BECC-21B9C3E5919A}.Release|x86.Build.0 = Release|Win32
		{31ECC36A-87A2-4E1E-AE83-C3F7C6DBEBFF}.Debug|x64.ActiveCfg = Debug|x64
		{31ECC36A-87A2-4E1E-AE83-C3F7C6DBEBFF}.Debug|x64.Build.0 = Debug|x64
		{31ECC36A-87A2-4E1E-AE83-C3F7C6DBEBFF}.Debug|x86.ActiveCfg = Debug|Win32
		{31ECC36A-87A2-4E1E-AE83-C3F7C6DBEBFF}.Debug|x86.Build.0 = Debug|Win32
		{31ECC36A-87A2-4E1E-AE83-C3F7C6DBEBFF}.Release|x64.ActiveCfg = Release|x64
		{31ECC36A-87A2-4E1E-AE83-C3F7C6DBEBFF}.Release|x64.Build.0 = Release|x64
		{31ECC36A-87A2-4E1E-AE83-C3F7C6DBEBFF}.Release|x86.ActiveCfg = Release|Win32
		{31ECC36A-87A2-4E1E-AE83-C3F7C6DBEBFF}.Release|x86.Build.0 = Release|Win32
		{CBFA228B-7529-476B-AB10-252BBBE43999}.Debug|x64.ActiveCfg = Debug|x64
		{CBFA228B-7529-476B-AB10-252BBBE43999}.Debug|x64.Build.0 = Debug|x64
		{CBFA228B-7529-476B-AB10-252BBBE43999}.Debug|x86.ActiveCfg = Debug|Win32
		{CBFA228B-7529-476B-AB10-252BBBE43999}.Debug|x86.Build.0 = Debug|Win32
		{CBFA228B-7529-476B-AB10-252BBBE43999}.Release|x64.ActiveCfg = Release|x64
		{CBFA228B-7529-476B-AB10-252BBBE43999}.Release|x64.Build.0 = Release|x64
		{CBFA228B-7529-476B-AB10-252BBBE43999}.Release|x86.ActiveCfg = Release|Win32
		{CBFA228B-7529-476B-AB10-252BBBE43999}.Release|x86.Build.0 = Release|Win32
		{C2BEC4F0-09A1-4F20-884C-AAAE677A4F34}.Debug|x64.ActiveCfg = Debug|x64
		{C2BEC4F0-09A1-4F20-884C-AAAE677A4F34}.Debug|x64.Build.0 = Debug|x64
		{C2BEC4F0-09A1-4F20-884C-AAAE677A4F34}.Debug|x86.ActiveCfg = Debug|Win32
		{C2BEC4F0-09A1-4F20-884C-AAAE677A4F34}.Debug|x86.Build.0 = Debug|Win32
		{C2BEC4F0-09A1-4F20-884C-AAAE677A4F34}.Release|x64.ActiveCfg = Release|x64
		{C2BEC4F0-09A1-4F20-884C-AAAE677A4F34}.Release|x64.Build.0 = Release|x64
		{C2BEC4F0-09A1-4F20-884C-AAAE677A4F34}.Release|x86.ActiveCfg = Release|Win32
		{C2BEC4F0-09A1-4F20-884C-AAAE677A4F34}.Release|x86.Build.0 = Release|Win32
		{857D9B8E-9E74-41CB-BC79-05F73C0259BF}.Debug|x64.ActiveCfg = Debug|x64
		{857D9B8E-9E74-41CB-BC79-05F73C0259BF}.Debug|x64.Build.0 = Debug|x64
		{857D9B8E-9E74-41CB-BC79-05F73C0259BF}.Debug|x86.ActiveCfg = Debug|Win32
		{857D9B8E-9E74-41CB-BC79-05F73C0259BF}.Debug|x86.Build.0 = Debug|Win32
		{857D9B8E-9E74-41CB-BC79-05F73C0259BF}.Release|x64.ActiveCfg = Release|x64
		{857D9B8E-9E74-41CB-BC79-05F73C0259BF}.Release|x64.Build.0 = Release|x64
		{857D9B8E-9E74-41CB-BC79-05F73C0259BF}.Release|x86.ActiveCfg = Release|Win32
		{857D9B8E-9E74-41CB-BC79-05F73C0259BF}.Release|x86.Build.0 = Release|Win32
	EndGlobalSection
	GlobalSection(SolutionProperties) = preSolution
		HideSolutionNode = FALSE
	EndGlobalSection
	GlobalSection(ExtensibilityGlobals) = postSolution
		SolutionGuid = {5C133C4A-F62B-4A75-9952-EA206120DA5C}
	EndGlobalSection
EndGlobal
